
Microsoft Visual Studio Solution File, Format Version 12.00
# Visual Studio Version 16
VisualStudioVersion = 16.0.31205.134
MinimumVisualStudioVersion = 10.0.40219.1
Project("{FAE04EC0-301F-11D3-BF4B-00C04F79EFBC}") = "App_GSB", "App_GSB\App_GSB\App_GSB.csproj", "{D1988C97-80A7-48CC-B72C-E1802004F719}"
EndProject
Project("{FAE04EC0-301F-11D3-BF4B-00C04F79EFBC}") = "App_GSB.Android", "App_GSB\App_GSB.Android\App_GSB.Android.csproj", "{823A7D22-15F1-47A9-A0B0-5EAC561764AA}"
EndProject
Project("{FAE04EC0-301F-11D3-BF4B-00C04F79EFBC}") = "App_GSB.iOS", "App_GSB\App_GSB.iOS\App_GSB.iOS.csproj", "{75239625-B255-4449-B925-DDE6B5307799}"
EndProject
Project("{FAE04EC0-301F-11D3-BF4B-00C04F79EFBC}") = "App_GSB.UWP", "App_GSB\App_GSB.UWP\App_GSB.UWP.csproj", "{4B605B83-69A7-454D-BD92-FA2A847C9DB8}"
EndProject
Global
	GlobalSection(SolutionConfigurationPlatforms) = preSolution
		Ad-Hoc|Any CPU = Ad-Hoc|Any CPU
		Ad-Hoc|ARM = Ad-Hoc|ARM
		Ad-Hoc|iPhone = Ad-Hoc|iPhone
		Ad-Hoc|iPhoneSimulator = Ad-Hoc|iPhoneSimulator
		Ad-Hoc|x64 = Ad-Hoc|x64
		Ad-Hoc|x86 = Ad-Hoc|x86
		AppStore|Any CPU = AppStore|Any CPU
		AppStore|ARM = AppStore|ARM
		AppStore|iPhone = AppStore|iPhone
		AppStore|iPhoneSimulator = AppStore|iPhoneSimulator
		AppStore|x64 = AppStore|x64
		AppStore|x86 = AppStore|x86
		Debug|Any CPU = Debug|Any CPU
		Debug|ARM = Debug|ARM
		Debug|iPhone = Debug|iPhone
		Debug|iPhoneSimulator = Debug|iPhoneSimulator
		Debug|x64 = Debug|x64
		Debug|x86 = Debug|x86
		Release|Any CPU = Release|Any CPU
		Release|ARM = Release|ARM
		Release|iPhone = Release|iPhone
		Release|iPhoneSimulator = Release|iPhoneSimulator
		Release|x64 = Release|x64
		Release|x86 = Release|x86
	EndGlobalSection
	GlobalSection(ProjectConfigurationPlatforms) = postSolution
		{D1988C97-80A7-48CC-B72C-E1802004F719}.Ad-Hoc|Any CPU.ActiveCfg = Debug|Any CPU
		{D1988C97-80A7-48CC-B72C-E1802004F719}.Ad-Hoc|Any CPU.Build.0 = Debug|Any CPU
		{D1988C97-80A7-48CC-B72C-E1802004F719}.Ad-Hoc|ARM.ActiveCfg = Debug|Any CPU
		{D1988C97-80A7-48CC-B72C-E1802004F719}.Ad-Hoc|ARM.Build.0 = Debug|Any CPU
		{D1988C97-80A7-48CC-B72C-E1802004F719}.Ad-Hoc|iPhone.ActiveCfg = Debug|Any CPU
		{D1988C97-80A7-48CC-B72C-E1802004F719}.Ad-Hoc|iPhone.Build.0 = Debug|Any CPU
		{D1988C97-80A7-48CC-B72C-E1802004F719}.Ad-Hoc|iPhoneSimulator.ActiveCfg = Debug|Any CPU
		{D1988C97-80A7-48CC-B72C-E1802004F719}.Ad-Hoc|iPhoneSimulator.Build.0 = Debug|Any CPU
		{D1988C97-80A7-48CC-B72C-E1802004F719}.Ad-Hoc|x64.ActiveCfg = Debug|Any CPU
		{D1988C97-80A7-48CC-B72C-E1802004F719}.Ad-Hoc|x64.Build.0 = Debug|Any CPU
		{D1988C97-80A7-48CC-B72C-E1802004F719}.Ad-Hoc|x86.ActiveCfg = Debug|Any CPU
		{D1988C97-80A7-48CC-B72C-E1802004F719}.Ad-Hoc|x86.Build.0 = Debug|Any CPU
		{D1988C97-80A7-48CC-B72C-E1802004F719}.AppStore|Any CPU.ActiveCfg = Debug|Any CPU
		{D1988C97-80A7-48CC-B72C-E1802004F719}.AppStore|Any CPU.Build.0 = Debug|Any CPU
		{D1988C97-80A7-48CC-B72C-E1802004F719}.AppStore|ARM.ActiveCfg = Debug|Any CPU
		{D1988C97-80A7-48CC-B72C-E1802004F719}.AppStore|ARM.Build.0 = Debug|Any CPU
		{D1988C97-80A7-48CC-B72C-E1802004F719}.AppStore|iPhone.ActiveCfg = Debug|Any CPU
		{D1988C97-80A7-48CC-B72C-E1802004F719}.AppStore|iPhone.Build.0 = Debug|Any CPU
		{D1988C97-80A7-48CC-B72C-E1802004F719}.AppStore|iPhoneSimulator.ActiveCfg = Debug|Any CPU
		{D1988C97-80A7-48CC-B72C-E1802004F719}.AppStore|iPhoneSimulator.Build.0 = Debug|Any CPU
		{D1988C97-80A7-48CC-B72C-E1802004F719}.AppStore|x64.ActiveCfg = Debug|Any CPU
		{D1988C97-80A7-48CC-B72C-E1802004F719}.AppStore|x64.Build.0 = Debug|Any CPU
		{D1988C97-80A7-48CC-B72C-E1802004F719}.AppStore|x86.ActiveCfg = Debug|Any CPU
		{D1988C97-80A7-48CC-B72C-E1802004F719}.AppStore|x86.Build.0 = Debug|Any CPU
		{D1988C97-80A7-48CC-B72C-E1802004F719}.Debug|Any CPU.ActiveCfg = Debug|Any CPU
		{D1988C97-80A7-48CC-B72C-E1802004F719}.Debug|Any CPU.Build.0 = Debug|Any CPU
		{D1988C97-80A7-48CC-B72C-E1802004F719}.Debug|ARM.ActiveCfg = Debug|Any CPU
		{D1988C97-80A7-48CC-B72C-E1802004F719}.Debug|ARM.Build.0 = Debug|Any CPU
		{D1988C97-80A7-48CC-B72C-E1802004F719}.Debug|iPhone.ActiveCfg = Debug|Any CPU
		{D1988C97-80A7-48CC-B72C-E1802004F719}.Debug|iPhone.Build.0 = Debug|Any CPU
		{D1988C97-80A7-48CC-B72C-E1802004F719}.Debug|iPhoneSimulator.ActiveCfg = Debug|Any CPU
		{D1988C97-80A7-48CC-B72C-E1802004F719}.Debug|iPhoneSimulator.Build.0 = Debug|Any CPU
		{D1988C97-80A7-48CC-B72C-E1802004F719}.Debug|x64.ActiveCfg = Debug|Any CPU
		{D1988C97-80A7-48CC-B72C-E1802004F719}.Debug|x64.Build.0 = Debug|Any CPU
		{D1988C97-80A7-48CC-B72C-E1802004F719}.Debug|x86.ActiveCfg = Debug|Any CPU
		{D1988C97-80A7-48CC-B72C-E1802004F719}.Debug|x86.Build.0 = Debug|Any CPU
		{D1988C97-80A7-48CC-B72C-E1802004F719}.Release|Any CPU.ActiveCfg = Release|Any CPU
		{D1988C97-80A7-48CC-B72C-E1802004F719}.Release|Any CPU.Build.0 = Release|Any CPU
		{D1988C97-80A7-48CC-B72C-E1802004F719}.Release|ARM.ActiveCfg = Release|Any CPU
		{D1988C97-80A7-48CC-B72C-E1802004F719}.Release|ARM.Build.0 = Release|Any CPU
		{D1988C97-80A7-48CC-B72C-E1802004F719}.Release|iPhone.ActiveCfg = Release|Any CPU
		{D1988C97-80A7-48CC-B72C-E1802004F719}.Release|iPhone.Build.0 = Release|Any CPU
		{D1988C97-80A7-48CC-B72C-E1802004F719}.Release|iPhoneSimulator.ActiveCfg = Release|Any CPU
		{D1988C97-80A7-48CC-B72C-E1802004F719}.Release|iPhoneSimulator.Build.0 = Release|Any CPU
		{D1988C97-80A7-48CC-B72C-E1802004F719}.Release|x64.ActiveCfg = Release|Any CPU
		{D1988C97-80A7-48CC-B72C-E1802004F719}.Release|x64.Build.0 = Release|Any CPU
		{D1988C97-80A7-48CC-B72C-E1802004F719}.Release|x86.ActiveCfg = Release|Any CPU
		{D1988C97-80A7-48CC-B72C-E1802004F719}.Release|x86.Build.0 = Release|Any CPU
		{823A7D22-15F1-47A9-A0B0-5EAC561764AA}.Ad-Hoc|Any CPU.ActiveCfg = Debug|Any CPU
		{823A7D22-15F1-47A9-A0B0-5EAC561764AA}.Ad-Hoc|Any CPU.Build.0 = Debug|Any CPU
		{823A7D22-15F1-47A9-A0B0-5EAC561764AA}.Ad-Hoc|Any CPU.Deploy.0 = Debug|Any CPU
		{823A7D22-15F1-47A9-A0B0-5EAC561764AA}.Ad-Hoc|ARM.ActiveCfg = Debug|Any CPU
		{823A7D22-15F1-47A9-A0B0-5EAC561764AA}.Ad-Hoc|ARM.Build.0 = Debug|Any CPU
		{823A7D22-15F1-47A9-A0B0-5EAC561764AA}.Ad-Hoc|ARM.Deploy.0 = Debug|Any CPU
		{823A7D22-15F1-47A9-A0B0-5EAC561764AA}.Ad-Hoc|iPhone.ActiveCfg = Debug|Any CPU
		{823A7D22-15F1-47A9-A0B0-5EAC561764AA}.Ad-Hoc|iPhone.Build.0 = Debug|Any CPU
		{823A7D22-15F1-47A9-A0B0-5EAC561764AA}.Ad-Hoc|iPhone.Deploy.0 = Debug|Any CPU
		{823A7D22-15F1-47A9-A0B0-5EAC561764AA}.Ad-Hoc|iPhoneSimulator.ActiveCfg = Debug|Any CPU
		{823A7D22-15F1-47A9-A0B0-5EAC561764AA}.Ad-Hoc|iPhoneSimulator.Build.0 = Debug|Any CPU
		{823A7D22-15F1-47A9-A0B0-5EAC561764AA}.Ad-Hoc|iPhoneSimulator.Deploy.0 = Debug|Any CPU
		{823A7D22-15F1-47A9-A0B0-5EAC561764AA}.Ad-Hoc|x64.ActiveCfg = Debug|Any CPU
		{823A7D22-15F1-47A9-A0B0-5EAC561764AA}.Ad-Hoc|x64.Build.0 = Debug|Any CPU
		{823A7D22-15F1-47A9-A0B0-5EAC561764AA}.Ad-Hoc|x64.Deploy.0 = Debug|Any CPU
		{823A7D22-15F1-47A9-A0B0-5EAC561764AA}.Ad-Hoc|x86.ActiveCfg = Debug|Any CPU
		{823A7D22-15F1-47A9-A0B0-5EAC561764AA}.Ad-Hoc|x86.Build.0 = Debug|Any CPU
		{823A7D22-15F1-47A9-A0B0-5EAC561764AA}.Ad-Hoc|x86.Deploy.0 = Debug|Any CPU
		{823A7D22-15F1-47A9-A0B0-5EAC561764AA}.AppStore|Any CPU.ActiveCfg = Debug|Any CPU
		{823A7D22-15F1-47A9-A0B0-5EAC561764AA}.AppStore|Any CPU.Build.0 = Debug|Any CPU
		{823A7D22-15F1-47A9-A0B0-5EAC561764AA}.AppStore|Any CPU.Deploy.0 = Debug|Any CPU
		{823A7D22-15F1-47A9-A0B0-5EAC561764AA}.AppStore|ARM.ActiveCfg = Debug|Any CPU
		{823A7D22-15F1-47A9-A0B0-5EAC561764AA}.AppStore|ARM.Build.0 = Debug|Any CPU
		{823A7D22-15F1-47A9-A0B0-5EAC561764AA}.AppStore|ARM.Deploy.0 = Debug|Any CPU
		{823A7D22-15F1-47A9-A0B0-5EAC561764AA}.AppStore|iPhone.ActiveCfg = Debug|Any CPU
		{823A7D22-15F1-47A9-A0B0-5EAC561764AA}.AppStore|iPhone.Build.0 = Debug|Any CPU
		{823A7D22-15F1-47A9-A0B0-5EAC561764AA}.AppStore|iPhone.Deploy.0 = Debug|Any CPU
		{823A7D22-15F1-47A9-A0B0-5EAC561764AA}.AppStore|iPhoneSimulator.ActiveCfg = Debug|Any CPU
		{823A7D22-15F1-47A9-A0B0-5EAC561764AA}.AppStore|iPhoneSimulator.Build.0 = Debug|Any CPU
		{823A7D22-15F1-47A9-A0B0-5EAC561764AA}.AppStore|iPhoneSimulator.Deploy.0 = Debug|Any CPU
		{823A7D22-15F1-47A9-A0B0-5EAC561764AA}.AppStore|x64.ActiveCfg = Debug|Any CPU
		{823A7D22-15F1-47A9-A0B0-5EAC561764AA}.AppStore|x64.Build.0 = Debug|Any CPU
		{823A7D22-15F1-47A9-A0B0-5EAC561764AA}.AppStore|x64.Deploy.0 = Debug|Any CPU
		{823A7D22-15F1-47A9-A0B0-5EAC561764AA}.AppStore|x86.ActiveCfg = Debug|Any CPU
		{823A7D22-15F1-47A9-A0B0-5EAC561764AA}.AppStore|x86.Build.0 = Debug|Any CPU
		{823A7D22-15F1-47A9-A0B0-5EAC561764AA}.AppStore|x86.Deploy.0 = Debug|Any CPU
		{823A7D22-15F1-47A9-A0B0-5EAC561764AA}.Debug|Any CPU.ActiveCfg = Debug|Any CPU
		{823A7D22-15F1-47A9-A0B0-5EAC561764AA}.Debug|Any CPU.Build.0 = Debug|Any CPU
		{823A7D22-15F1-47A9-A0B0-5EAC561764AA}.Debug|Any CPU.Deploy.0 = Debug|Any CPU
		{823A7D22-15F1-47A9-A0B0-5EAC561764AA}.Debug|ARM.ActiveCfg = Debug|Any CPU
		{823A7D22-15F1-47A9-A0B0-5EAC561764AA}.Debug|ARM.Build.0 = Debug|Any CPU
		{823A7D22-15F1-47A9-A0B0-5EAC561764AA}.Debug|ARM.Deploy.0 = Debug|Any CPU
		{823A7D22-15F1-47A9-A0B0-5EAC561764AA}.Debug|iPhone.ActiveCfg = Debug|Any CPU
		{823A7D22-15F1-47A9-A0B0-5EAC561764AA}.Debug|iPhone.Build.0 = Debug|Any CPU
		{823A7D22-15F1-47A9-A0B0-5EAC561764AA}.Debug|iPhone.Deploy.0 = Debug|Any CPU
		{823A7D22-15F1-47A9-A0B0-5EAC561764AA}.Debug|iPhoneSimulator.ActiveCfg = Debug|Any CPU
		{823A7D22-15F1-47A9-A0B0-5EAC561764AA}.Debug|iPhoneSimulator.Build.0 = Debug|Any CPU
		{823A7D22-15F1-47A9-A0B0-5EAC561764AA}.Debug|iPhoneSimulator.Deploy.0 = Debug|Any CPU
		{823A7D22-15F1-47A9-A0B0-5EAC561764AA}.Debug|x64.ActiveCfg = Debug|Any CPU
		{823A7D22-15F1-47A9-A0B0-5EAC561764AA}.Debug|x64.Build.0 = Debug|Any CPU
		{823A7D22-15F1-47A9-A0B0-5EAC561764AA}.Debug|x64.Deploy.0 = Debug|Any CPU
		{823A7D22-15F1-47A9-A0B0-5EAC561764AA}.Debug|x86.ActiveCfg = Debug|Any CPU
		{823A7D22-15F1-47A9-A0B0-5EAC561764AA}.Debug|x86.Build.0 = Debug|Any CPU
		{823A7D22-15F1-47A9-A0B0-5EAC561764AA}.Debug|x86.Deploy.0 = Debug|Any CPU
		{823A7D22-15F1-47A9-A0B0-5EAC561764AA}.Release|Any CPU.ActiveCfg = Release|Any CPU
		{823A7D22-15F1-47A9-A0B0-5EAC561764AA}.Release|Any CPU.Build.0 = Release|Any CPU
		{823A7D22-15F1-47A9-A0B0-5EAC561764AA}.Release|Any CPU.Deploy.0 = Release|Any CPU
		{823A7D22-15F1-47A9-A0B0-5EAC561764AA}.Release|ARM.ActiveCfg = Release|Any CPU
		{823A7D22-15F1-47A9-A0B0-5EAC561764AA}.Release|ARM.Build.0 = Release|Any CPU
		{823A7D22-15F1-47A9-A0B0-5EAC561764AA}.Release|ARM.Deploy.0 = Release|Any CPU
		{823A7D22-15F1-47A9-A0B0-5EAC561764AA}.Release|iPhone.ActiveCfg = Release|Any CPU
		{823A7D22-15F1-47A9-A0B0-5EAC561764AA}.Release|iPhone.Build.0 = Release|Any CPU
		{823A7D22-15F1-47A9-A0B0-5EAC561764AA}.Release|iPhone.Deploy.0 = Release|Any CPU
		{823A7D22-15F1-47A9-A0B0-5EAC561764AA}.Release|iPhoneSimulator.ActiveCfg = Release|Any CPU
		{823A7D22-15F1-47A9-A0B0-5EAC561764AA}.Release|iPhoneSimulator.Build.0 = Release|Any CPU
		{823A7D22-15F1-47A9-A0B0-5EAC561764AA}.Release|iPhoneSimulator.Deploy.0 = Release|Any CPU
		{823A7D22-15F1-47A9-A0B0-5EAC561764AA}.Release|x64.ActiveCfg = Release|Any CPU
		{823A7D22-15F1-47A9-A0B0-5EAC561764AA}.Release|x64.Build.0 = Release|Any CPU
		{823A7D22-15F1-47A9-A0B0-5EAC561764AA}.Release|x64.Deploy.0 = Release|Any CPU
		{823A7D22-15F1-47A9-A0B0-5EAC561764AA}.Release|x86.ActiveCfg = Release|Any CPU
		{823A7D22-15F1-47A9-A0B0-5EAC561764AA}.Release|x86.Build.0 = Release|Any CPU
		{823A7D22-15F1-47A9-A0B0-5EAC561764AA}.Release|x86.Deploy.0 = Release|Any CPU
		{75239625-B255-4449-B925-DDE6B5307799}.Ad-Hoc|Any CPU.ActiveCfg = Ad-Hoc|iPhoneSimulator
		{75239625-B255-4449-B925-DDE6B5307799}.Ad-Hoc|ARM.ActiveCfg = Ad-Hoc|iPhoneSimulator
		{75239625-B255-4449-B925-DDE6B5307799}.Ad-Hoc|iPhone.ActiveCfg = Ad-Hoc|iPhone
		{75239625-B255-4449-B925-DDE6B5307799}.Ad-Hoc|iPhone.Build.0 = Ad-Hoc|iPhone
		{75239625-B255-4449-B925-DDE6B5307799}.Ad-Hoc|iPhoneSimulator.ActiveCfg = Ad-Hoc|iPhoneSimulator
		{75239625-B255-4449-B925-DDE6B5307799}.Ad-Hoc|iPhoneSimulator.Build.0 = Ad-Hoc|iPhoneSimulator
		{75239625-B255-4449-B925-DDE6B5307799}.Ad-Hoc|x64.ActiveCfg = Ad-Hoc|iPhoneSimulator
		{75239625-B255-4449-B925-DDE6B5307799}.Ad-Hoc|x86.ActiveCfg = Ad-Hoc|iPhoneSimulator
		{75239625-B255-4449-B925-DDE6B5307799}.AppStore|Any CPU.ActiveCfg = AppStore|iPhoneSimulator
		{75239625-B255-4449-B925-DDE6B5307799}.AppStore|ARM.ActiveCfg = AppStore|iPhoneSimulator
		{75239625-B255-4449-B925-DDE6B5307799}.AppStore|iPhone.ActiveCfg = AppStore|iPhone
		{75239625-B255-4449-B925-DDE6B5307799}.AppStore|iPhone.Build.0 = AppStore|iPhone
		{75239625-B255-4449-B925-DDE6B5307799}.AppStore|iPhoneSimulator.ActiveCfg = AppStore|iPhoneSimulator
		{75239625-B255-4449-B925-DDE6B5307799}.AppStore|iPhoneSimulator.Build.0 = AppStore|iPhoneSimulator
		{75239625-B255-4449-B925-DDE6B5307799}.AppStore|x64.ActiveCfg = AppStore|iPhoneSimulator
		{75239625-B255-4449-B925-DDE6B5307799}.AppStore|x86.ActiveCfg = AppStore|iPhoneSimulator
		{75239625-B255-4449-B925-DDE6B5307799}.Debug|Any CPU.ActiveCfg = Debug|iPhoneSimulator
		{75239625-B255-4449-B925-DDE6B5307799}.Debug|ARM.ActiveCfg = Debug|iPhoneSimulator
		{75239625-B255-4449-B925-DDE6B5307799}.Debug|iPhone.ActiveCfg = Debug|iPhone
		{75239625-B255-4449-B925-DDE6B5307799}.Debug|iPhone.Build.0 = Debug|iPhone
		{75239625-B255-4449-B925-DDE6B5307799}.Debug|iPhoneSimulator.ActiveCfg = Debug|iPhoneSimulator
		{75239625-B255-4449-B925-DDE6B5307799}.Debug|iPhoneSimulator.Build.0 = Debug|iPhoneSimulator
		{75239625-B255-4449-B925-DDE6B5307799}.Debug|x64.ActiveCfg = Debug|iPhoneSimulator
		{75239625-B255-4449-B925-DDE6B5307799}.Debug|x86.ActiveCfg = Debug|iPhoneSimulator
		{75239625-B255-4449-B925-DDE6B5307799}.Release|Any CPU.ActiveCfg = Release|iPhoneSimulator
		{75239625-B255-4449-B925-DDE6B5307799}.Release|ARM.ActiveCfg = Release|iPhoneSimulator
		{75239625-B255-4449-B925-DDE6B5307799}.Release|iPhone.ActiveCfg = Release|iPhone
		{75239625-B255-4449-B925-DDE6B5307799}.Release|iPhone.Build.0 = Release|iPhone
		{75239625-B255-4449-B925-DDE6B5307799}.Release|iPhoneSimulator.ActiveCfg = Release|iPhoneSimulator
		{75239625-B255-4449-B925-DDE6B5307799}.Release|iPhoneSimulator.Build.0 = Release|iPhoneSimulator
		{75239625-B255-4449-B925-DDE6B5307799}.Release|x64.ActiveCfg = Release|iPhoneSimulator
		{75239625-B255-4449-B925-DDE6B5307799}.Release|x86.ActiveCfg = Release|iPhoneSimulator
		{4B605B83-69A7-454D-BD92-FA2A847C9DB8}.Ad-Hoc|Any CPU.ActiveCfg = Debug|ARM
		{4B605B83-69A7-454D-BD92-FA2A847C9DB8}.Ad-Hoc|Any CPU.Build.0 = Debug|ARM
		{4B605B83-69A7-454D-BD92-FA2A847C9DB8}.Ad-Hoc|Any CPU.Deploy.0 = Debug|ARM
		{4B605B83-69A7-454D-BD92-FA2A847C9DB8}.Ad-Hoc|ARM.ActiveCfg = Debug|ARM
		{4B605B83-69A7-454D-BD92-FA2A847C9DB8}.Ad-Hoc|ARM.Build.0 = Debug|ARM
		{4B605B83-69A7-454D-BD92-FA2A847C9DB8}.Ad-Hoc|ARM.Deploy.0 = Debug|ARM
		{4B605B83-69A7-454D-BD92-FA2A847C9DB8}.Ad-Hoc|iPhone.ActiveCfg = Debug|ARM
		{4B605B83-69A7-454D-BD92-FA2A847C9DB8}.Ad-Hoc|iPhone.Build.0 = Debug|ARM
		{4B605B83-69A7-454D-BD92-FA2A847C9DB8}.Ad-Hoc|iPhone.Deploy.0 = Debug|ARM
		{4B605B83-69A7-454D-BD92-FA2A847C9DB8}.Ad-Hoc|iPhoneSimulator.ActiveCfg = Debug|ARM
		{4B605B83-69A7-454D-BD92-FA2A847C9DB8}.Ad-Hoc|iPhoneSimulator.Build.0 = Debug|ARM
		{4B605B83-69A7-454D-BD92-FA2A847C9DB8}.Ad-Hoc|iPhoneSimulator.Deploy.0 = Debug|ARM
		{4B605B83-69A7-454D-BD92-FA2A847C9DB8}.Ad-Hoc|x64.ActiveCfg = Debug|x64
		{4B605B83-69A7-454D-BD92-FA2A847C9DB8}.Ad-Hoc|x64.Build.0 = Debug|x64
		{4B605B83-69A7-454D-BD92-FA2A847C9DB8}.Ad-Hoc|x64.Deploy.0 = Debug|x64
		{4B605B83-69A7-454D-BD92-FA2A847C9DB8}.Ad-Hoc|x86.ActiveCfg = Debug|x86
		{4B605B83-69A7-454D-BD92-FA2A847C9DB8}.Ad-Hoc|x86.Build.0 = Debug|x86
		{4B605B83-69A7-454D-BD92-FA2A847C9DB8}.Ad-Hoc|x86.Deploy.0 = Debug|x86
		{4B605B83-69A7-454D-BD92-FA2A847C9DB8}.AppStore|Any CPU.ActiveCfg = Debug|ARM
		{4B605B83-69A7-454D-BD92-FA2A847C9DB8}.AppStore|Any CPU.Build.0 = Debug|ARM
		{4B605B83-69A7-454D-BD92-FA2A847C9DB8}.AppStore|Any CPU.Deploy.0 = Debug|ARM
		{4B605B83-69A7-454D-BD92-FA2A847C9DB8}.AppStore|ARM.ActiveCfg = Debug|ARM
		{4B605B83-69A7-454D-BD92-FA2A847C9DB8}.AppStore|ARM.Build.0 = Debug|ARM
		{4B605B83-69A7-454D-BD92-FA2A847C9DB8}.AppStore|ARM.Deploy.0 = Debug|ARM
		{4B605B83-69A7-454D-BD92-FA2A847C9DB8}.AppStore|iPhone.ActiveCfg = Debug|ARM
		{4B605B83-69A7-454D-BD92-FA2A847C9DB8}.AppStore|iPhone.Build.0 = Debug|ARM
		{4B605B83-69A7-454D-BD92-FA2A847C9DB8}.AppStore|iPhone.Deploy.0 = Debug|ARM
		{4B605B83-69A7-454D-BD92-FA2A847C9DB8}.AppStore|iPhoneSimulator.ActiveCfg = Debug|ARM
		{4B605B83-69A7-454D-BD92-FA2A847C9DB8}.AppStore|iPhoneSimulator.Build.0 = Debug|ARM
		{4B605B83-69A7-454D-BD92-FA2A847C9DB8}.AppStore|iPhoneSimulator.Deploy.0 = Debug|ARM
		{4B605B83-69A7-454D-BD92-FA2A847C9DB8}.AppStore|x64.ActiveCfg = Debug|x64
		{4B605B83-69A7-454D-BD92-FA2A847C9DB8}.AppStore|x64.Build.0 = Debug|x64
		{4B605B83-69A7-454D-BD92-FA2A847C9DB8}.AppStore|x64.Deploy.0 = Debug|x64
		{4B605B83-69A7-454D-BD92-FA2A847C9DB8}.AppStore|x86.ActiveCfg = Debug|x86
		{4B605B83-69A7-454D-BD92-FA2A847C9DB8}.AppStore|x86.Build.0 = Debug|x86
		{4B605B83-69A7-454D-BD92-FA2A847C9DB8}.AppStore|x86.Deploy.0 = Debug|x86
		{4B605B83-69A7-454D-BD92-FA2A847C9DB8}.Debug|Any CPU.ActiveCfg = Debug|x86
		{4B605B83-69A7-454D-BD92-FA2A847C9DB8}.Debug|ARM.ActiveCfg = Debug|ARM
		{4B605B83-69A7-454D-BD92-FA2A847C9DB8}.Debug|ARM.Build.0 = Debug|ARM
		{4B605B83-69A7-454D-BD92-FA2A847C9DB8}.Debug|ARM.Deploy.0 = Debug|ARM
		{4B605B83-69A7-454D-BD92-FA2A847C9DB8}.Debug|iPhone.ActiveCfg = Debug|x86
		{4B605B83-69A7-454D-BD92-FA2A847C9DB8}.Debug|iPhoneSimulator.ActiveCfg = Debug|x86
		{4B605B83-69A7-454D-BD92-FA2A847C9DB8}.Debug|x64.ActiveCfg = Debug|x64
		{4B605B83-69A7-454D-BD92-FA2A847C9DB8}.Debug|x64.Build.0 = Debug|x64
		{4B605B83-69A7-454D-BD92-FA2A847C9DB8}.Debug|x64.Deploy.0 = Debug|x64
		{4B605B83-69A7-454D-BD92-FA2A847C9DB8}.Debug|x86.ActiveCfg = Debug|x86
		{4B605B83-69A7-454D-BD92-FA2A847C9DB8}.Debug|x86.Build.0 = Debug|x86
		{4B605B83-69A7-454D-BD92-FA2A847C9DB8}.Debug|x86.Deploy.0 = Debug|x86
		{4B605B83-69A7-454D-BD92-FA2A847C9DB8}.Release|Any CPU.ActiveCfg = Release|x86
		{4B605B83-69A7-454D-BD92-FA2A847C9DB8}.Release|ARM.ActiveCfg = Release|ARM
		{4B605B83-69A7-454D-BD92-FA2A847C9DB8}.Release|ARM.Build.0 = Release|ARM
		{4B605B83-69A7-454D-BD92-FA2A847C9DB8}.Release|ARM.Deploy.0 = Release|ARM
		{4B605B83-69A7-454D-BD92-FA2A847C9DB8}.Release|iPhone.ActiveCfg = Release|x86
		{4B605B83-69A7-454D-BD92-FA2A847C9DB8}.Release|iPhoneSimulator.ActiveCfg = Release|x86
		{4B605B83-69A7-454D-BD92-FA2A847C9DB8}.Release|x64.ActiveCfg = Release|x64
		{4B605B83-69A7-454D-BD92-FA2A847C9DB8}.Release|x64.Build.0 = Release|x64
		{4B605B83-69A7-454D-BD92-FA2A847C9DB8}.Release|x64.Deploy.0 = Release|x64
		{4B605B83-69A7-454D-BD92-FA2A847C9DB8}.Release|x86.ActiveCfg = Release|x86
		{4B605B83-69A7-454D-BD92-FA2A847C9DB8}.Release|x86.Build.0 = Release|x86
		{4B605B83-69A7-454D-BD92-FA2A847C9DB8}.Release|x86.Deploy.0 = Release|x86
	EndGlobalSection
	GlobalSection(SolutionProperties) = preSolution
		HideSolutionNode = FALSE
	EndGlobalSection
	GlobalSection(ExtensibilityGlobals) = postSolution
		SolutionGuid = {23AB6E4E-A80E-47D1-BB4A-3C4CD2309FCF}
	EndGlobalSection
EndGlobal
